
Microsoft Visual Studio Solution File, Format Version 12.00
# Visual Studio Version 16
VisualStudioVersion = 16.0.31205.134
MinimumVisualStudioVersion = 10.0.40219.1
Project("{FAE04EC0-301F-11D3-BF4B-00C04F79EFBC}") = "IPT_Lab6_233985", "IPT_Lab6_233985\IPT_Lab6_233985.csproj", "{AFE96EA2-1F26-4F00-9860-3CA43707BC33}"
EndProject
Global
	GlobalSection(SolutionConfigurationPlatforms) = preSolution
		Debug|Any CPU = Debug|Any CPU
		Release|Any CPU = Release|Any CPU
	EndGlobalSection
	GlobalSection(ProjectConfigurationPlatforms) = postSolution
		{AFE96EA2-1F26-4F00-9860-3CA43707BC33}.Debug|Any CPU.ActiveCfg = Debug|Any CPU
		{AFE96EA2-1F26-4F00-9860-3CA43707BC33}.Debug|Any CPU.Build.0 = Debug|Any CPU
		{AFE96EA2-1F26-4F00-9860-3CA43707BC33}.Release|Any CPU.ActiveCfg = Release|Any CPU
		{AFE96EA2-1F26-4F00-9860-3CA43707BC33}.Release|Any CPU.Build.0 = Release|Any CPU
	EndGlobalSection
	GlobalSection(SolutionProperties) = preSolution
		HideSolutionNode = FALSE
	EndGlobalSection
	GlobalSection(ExtensibilityGlobals) = postSolution
		SolutionGuid = {02B3BDA1-D6CD-45EA-B51F-00318E85FAF5}
	EndGlobalSection
EndGlobal
